
Microsoft Visual Studio Solution File, Format Version 12.00
# Visual Studio 15
VisualStudioVersion = 15.0.28010.2016
MinimumVisualStudioVersion = 10.0.40219.1
Project("{9A19103F-16F7-4668-BE54-9A1E7A4F7556}") = "01. ReverseStrings", "01. ReverseStrings\01. ReverseStrings.csproj", "{1ACDAE64-BFF9-4F54-95FA-2D05D1D9198E}"
EndProject
Project("{9A19103F-16F7-4668-BE54-9A1E7A4F7556}") = "02. SimpleCalculator", "02. SimpleCalculator\02. SimpleCalculator.csproj", "{710AA450-5D9E-4474-9588-8DBCF58ABE4D}"
EndProject
Project("{9A19103F-16F7-4668-BE54-9A1E7A4F7556}") = "03. DecimalToBinaryConverter", "03. DecimalToBinaryConverter\03. DecimalToBinaryConverter.csproj", "{660BBE39-71BF-42A8-B833-D185C86908EC}"
EndProject
Project("{9A19103F-16F7-4668-BE54-9A1E7A4F7556}") = "04. MatchingBrackets", "04. MatchingBrackets\04. MatchingBrackets.csproj", "{21CCFF85-C0CD-4B9E-A15F-0A9C8F896EF8}"
EndProject
Project("{FAE04EC0-301F-11D3-BF4B-00C04F79EFBC}") = "05. HotPotato", "05. HotPotato\05. HotPotato.csproj", "{08521042-18AC-49C7-81E4-9E9953E19952}"
EndProject
Project("{FAE04EC0-301F-11D3-BF4B-00C04F79EFBC}") = "06. TrafficLight", "06. TrafficLight\06. TrafficLight.csproj", "{DB3156F9-D6F6-437F-B35B-67795EFD77BE}"
EndProject
Global
	GlobalSection(SolutionConfigurationPlatforms) = preSolution
		Debug|Any CPU = Debug|Any CPU
		Release|Any CPU = Release|Any CPU
	EndGlobalSection
	GlobalSection(ProjectConfigurationPlatforms) = postSolution
		{1ACDAE64-BFF9-4F54-95FA-2D05D1D9198E}.Debug|Any CPU.ActiveCfg = Debug|Any CPU
		{1ACDAE64-BFF9-4F54-95FA-2D05D1D9198E}.Debug|Any CPU.Build.0 = Debug|Any CPU
		{1ACDAE64-BFF9-4F54-95FA-2D05D1D9198E}.Release|Any CPU.ActiveCfg = Release|Any CPU
		{1ACDAE64-BFF9-4F54-95FA-2D05D1D9198E}.Release|Any CPU.Build.0 = Release|Any CPU
		{710AA450-5D9E-4474-9588-8DBCF58ABE4D}.Debug|Any CPU.ActiveCfg = Debug|Any CPU
		{710AA450-5D9E-4474-9588-8DBCF58ABE4D}.Debug|Any CPU.Build.0 = Debug|Any CPU
		{710AA450-5D9E-4474-9588-8DBCF58ABE4D}.Release|Any CPU.ActiveCfg = Release|Any CPU
		{710AA450-5D9E-4474-9588-8DBCF58ABE4D}.Release|Any CPU.Build.0 = Release|Any CPU
		{660BBE39-71BF-42A8-B833-D185C86908EC}.Debug|Any CPU.ActiveCfg = Debug|Any CPU
		{660BBE39-71BF-42A8-B833-D185C86908EC}.Debug|Any CPU.Build.0 = Debug|Any CPU
		{660BBE39-71BF-42A8-B833-D185C86908EC}.Release|Any CPU.ActiveCfg = Release|Any CPU
		{660BBE39-71BF-42A8-B833-D185C86908EC}.Release|Any CPU.Build.0 = Release|Any CPU
		{21CCFF85-C0CD-4B9E-A15F-0A9C8F896EF8}.Debug|Any CPU.ActiveCfg = Debug|Any CPU
		{21CCFF85-C0CD-4B9E-A15F-0A9C8F896EF8}.Debug|Any CPU.Build.0 = Debug|Any CPU
		{21CCFF85-C0CD-4B9E-A15F-0A9C8F896EF8}.Release|Any CPU.ActiveCfg = Release|Any CPU
		{21CCFF85-C0CD-4B9E-A15F-0A9C8F896EF8}.Release|Any CPU.Build.0 = Release|Any CPU
		{08521042-18AC-49C7-81E4-9E9953E19952}.Debug|Any CPU.ActiveCfg = Debug|Any CPU
		{08521042-18AC-49C7-81E4-9E9953E19952}.Debug|Any CPU.Build.0 = Debug|Any CPU
		{08521042-18AC-49C7-81E4-9E9953E19952}.Release|Any CPU.ActiveCfg = Release|Any CPU
		{08521042-18AC-49C7-81E4-9E9953E19952}.Release|Any CPU.Build.0 = Release|Any CPU
		{DB3156F9-D6F6-437F-B35B-67795EFD77BE}.Debug|Any CPU.ActiveCfg = Debug|Any CPU
		{DB3156F9-D6F6-437F-B35B-67795EFD77BE}.Debug|Any CPU.Build.0 = Debug|Any CPU
		{DB3156F9-D6F6-437F-B35B-67795EFD77BE}.Release|Any CPU.ActiveCfg = Release|Any CPU
		{DB3156F9-D6F6-437F-B35B-67795EFD77BE}.Release|Any CPU.Build.0 = Release|Any CPU
	EndGlobalSection
	GlobalSection(SolutionProperties) = preSolution
		HideSolutionNode = FALSE
	EndGlobalSection
	GlobalSection(ExtensibilityGlobals) = postSolution
		SolutionGuid = {5807F65F-12DD-41D2-93AE-CBF720694F3A}
	EndGlobalSection
EndGlobal
